
Microsoft Visual Studio Solution File, Format Version 12.00
# Visual Studio Version 16
VisualStudioVersion = 16.0.30309.148
MinimumVisualStudioVersion = 10.0.40219.1
Project("{FAE04EC0-301F-11D3-BF4B-00C04F79EFBC}") = "PMS", "PMS\PMS.csproj", "{FF4A05E1-804F-4B36-AAFF-136B45E1C369}"
EndProject
Project("{FAE04EC0-301F-11D3-BF4B-00C04F79EFBC}") = "PMS.DataAccess", "PMS.DataAccess\PMS.DataAccess.csproj", "{1BB7954C-E389-4805-BFAB-9404A36147D5}"
EndProject
Global
	GlobalSection(SolutionConfigurationPlatforms) = preSolution
		Debug|Any CPU = Debug|Any CPU
		Release|Any CPU = Release|Any CPU
	EndGlobalSection
	GlobalSection(ProjectConfigurationPlatforms) = postSolution
		{FF4A05E1-804F-4B36-AAFF-136B45E1C369}.Debug|Any CPU.ActiveCfg = Debug|Any CPU
		{FF4A05E1-804F-4B36-AAFF-136B45E1C369}.Debug|Any CPU.Build.0 = Debug|Any CPU
		{FF4A05E1-804F-4B36-AAFF-136B45E1C369}.Release|Any CPU.ActiveCfg = Release|Any CPU
		{FF4A05E1-804F-4B36-AAFF-136B45E1C369}.Release|Any CPU.Build.0 = Release|Any CPU
		{1BB7954C-E389-4805-BFAB-9404A36147D5}.Debug|Any CPU.ActiveCfg = Debug|Any CPU
		{1BB7954C-E389-4805-BFAB-9404A36147D5}.Debug|Any CPU.Build.0 = Debug|Any CPU
		{1BB7954C-E389-4805-BFAB-9404A36147D5}.Release|Any CPU.ActiveCfg = Release|Any CPU
		{1BB7954C-E389-4805-BFAB-9404A36147D5}.Release|Any CPU.Build.0 = Release|Any CPU
	EndGlobalSection
	GlobalSection(SolutionProperties) = preSolution
		HideSolutionNode = FALSE
	EndGlobalSection
	GlobalSection(ExtensibilityGlobals) = postSolution
		SolutionGuid = {627E4595-92D6-4CEE-AD0C-98B5714E2442}
	EndGlobalSection
EndGlobal
